
Microsoft Visual Studio Solution File, Format Version 12.00
# Visual Studio Version 16
VisualStudioVersion = 16.0.30717.126
MinimumVisualStudioVersion = 10.0.40219.1
Project("{9A19103F-16F7-4668-BE54-9A1E7A4F7556}") = "TAL", "TAL\TAL.csproj", "{38C019E5-E5FC-43D8-B9DE-5CC75028CDDA}"
EndProject
Project("{FAE04EC0-301F-11D3-BF4B-00C04F79EFBC}") = "MSTest", "MSTest\MSTest.csproj", "{3E957AC9-71EE-4EB3-A08E-5267101970D4}"
EndProject
Global
	GlobalSection(SolutionConfigurationPlatforms) = preSolution
		Debug|Any CPU = Debug|Any CPU
		Release|Any CPU = Release|Any CPU
	EndGlobalSection
	GlobalSection(ProjectConfigurationPlatforms) = postSolution
		{38C019E5-E5FC-43D8-B9DE-5CC75028CDDA}.Debug|Any CPU.ActiveCfg = Debug|Any CPU
		{38C019E5-E5FC-43D8-B9DE-5CC75028CDDA}.Debug|Any CPU.Build.0 = Debug|Any CPU
		{38C019E5-E5FC-43D8-B9DE-5CC75028CDDA}.Release|Any CPU.ActiveCfg = Release|Any CPU
		{38C019E5-E5FC-43D8-B9DE-5CC75028CDDA}.Release|Any CPU.Build.0 = Release|Any CPU
		{3E957AC9-71EE-4EB3-A08E-5267101970D4}.Debug|Any CPU.ActiveCfg = Debug|Any CPU
		{3E957AC9-71EE-4EB3-A08E-5267101970D4}.Debug|Any CPU.Build.0 = Debug|Any CPU
		{3E957AC9-71EE-4EB3-A08E-5267101970D4}.Release|Any CPU.ActiveCfg = Release|Any CPU
		{3E957AC9-71EE-4EB3-A08E-5267101970D4}.Release|Any CPU.Build.0 = Release|Any CPU
	EndGlobalSection
	GlobalSection(SolutionProperties) = preSolution
		HideSolutionNode = FALSE
	EndGlobalSection
	GlobalSection(ExtensibilityGlobals) = postSolution
		SolutionGuid = {B209D607-8F55-4D9D-AB10-76282F3EC3C9}
	EndGlobalSection
EndGlobal
